
Microsoft Visual Studio Solution File, Format Version 12.00
# Visual Studio Version 17
VisualStudioVersion = 17.10.35004.147
MinimumVisualStudioVersion = 10.0.40219.1
Project("{2150E333-8FDC-42A3-9474-1A3956D46DE8}") = "Solution Items", "Solution Items", "{CCE93C5C-7322-42BA-A63E-9BE2419ACE46}"
	ProjectSection(SolutionItems) = preProject
		.editorconfig = .editorconfig
		.gitignore = .gitignore
		CHANGELOG.md = CHANGELOG.md
		LICENCE = LICENCE
		README.md = README.md
	EndProjectSection
EndProject
Project("{9A19103F-16F7-4668-BE54-9A1E7A4F7556}") = "Migratable", "Migratable\Migratable.csproj", "{FC5F5298-043B-4B8F-9698-FFF1958FD1D3}"
EndProject
Project("{9A19103F-16F7-4668-BE54-9A1E7A4F7556}") = "Migratable.Tests", "Migratable.Tests\Migratable.Tests.csproj", "{AD2AEA10-9B16-4134-8D28-0396485E841A}"
EndProject
Project("{9A19103F-16F7-4668-BE54-9A1E7A4F7556}") = "Example", "Example\Example.csproj", "{0E9527A5-3AC4-4FBE-B58A-F0CADD4DC06E}"
EndProject
Project("{9A19103F-16F7-4668-BE54-9A1E7A4F7556}") = "Migratable.CLI", "Migratable.CLI\Migratable.CLI.csproj", "{FF980ADD-C291-448E-9E93-214CAE5C6BA5}"
EndProject
Global
	GlobalSection(SolutionConfigurationPlatforms) = preSolution
		Debug|Any CPU = Debug|Any CPU
		Release|Any CPU = Release|Any CPU
	EndGlobalSection
	GlobalSection(ProjectConfigurationPlatforms) = postSolution
		{FC5F5298-043B-4B8F-9698-FFF1958FD1D3}.Debug|Any CPU.ActiveCfg = Debug|Any CPU
		{FC5F5298-043B-4B8F-9698-FFF1958FD1D3}.Debug|Any CPU.Build.0 = Debug|Any CPU
		{FC5F5298-043B-4B8F-9698-FFF1958FD1D3}.Release|Any CPU.ActiveCfg = Release|Any CPU
		{FC5F5298-043B-4B8F-9698-FFF1958FD1D3}.Release|Any CPU.Build.0 = Release|Any CPU
		{AD2AEA10-9B16-4134-8D28-0396485E841A}.Debug|Any CPU.ActiveCfg = Debug|Any CPU
		{AD2AEA10-9B16-4134-8D28-0396485E841A}.Debug|Any CPU.Build.0 = Debug|Any CPU
		{AD2AEA10-9B16-4134-8D28-0396485E841A}.Release|Any CPU.ActiveCfg = Release|Any CPU
		{AD2AEA10-9B16-4134-8D28-0396485E841A}.Release|Any CPU.Build.0 = Release|Any CPU
		{0E9527A5-3AC4-4FBE-B58A-F0CADD4DC06E}.Debug|Any CPU.ActiveCfg = Debug|Any CPU
		{0E9527A5-3AC4-4FBE-B58A-F0CADD4DC06E}.Debug|Any CPU.Build.0 = Debug|Any CPU
		{0E9527A5-3AC4-4FBE-B58A-F0CADD4DC06E}.Release|Any CPU.ActiveCfg = Release|Any CPU
		{0E9527A5-3AC4-4FBE-B58A-F0CADD4DC06E}.Release|Any CPU.Build.0 = Release|Any CPU
		{FF980ADD-C291-448E-9E93-214CAE5C6BA5}.Debug|Any CPU.ActiveCfg = Debug|Any CPU
		{FF980ADD-C291-448E-9E93-214CAE5C6BA5}.Debug|Any CPU.Build.0 = Debug|Any CPU
		{FF980ADD-C291-448E-9E93-214CAE5C6BA5}.Release|Any CPU.ActiveCfg = Release|Any CPU
		{FF980ADD-C291-448E-9E93-214CAE5C6BA5}.Release|Any CPU.Build.0 = Release|Any CPU
	EndGlobalSection
	GlobalSection(SolutionProperties) = preSolution
		HideSolutionNode = FALSE
	EndGlobalSection
	GlobalSection(ExtensibilityGlobals) = postSolution
		SolutionGuid = {38702976-4A88-43B4-85B8-069A2DB81B17}
	EndGlobalSection
EndGlobal
